// !$*UTF8*$!
{
	archiveVersion = 1;
	classes = {
	};
	objectVersion = 50;
	objects = {

/* Begin PBXBuildFile section */
		962EAF4C2242E43500FCE157 /* AppDelegate.swift in Sources */ = {isa = PBXBuildFile; fileRef = 962EAF4B2242E43500FCE157 /* AppDelegate.swift */; };
		962EAF4E2242E43500FCE157 /* ViewController.swift in Sources */ = {isa = PBXBuildFile; fileRef = 962EAF4D2242E43500FCE157 /* ViewController.swift */; };
		962EAF512242E43500FCE157 /* Main.storyboard in Resources */ = {isa = PBXBuildFile; fileRef = 962EAF4F2242E43500FCE157 /* Main.storyboard */; };
		962EAF532242E43800FCE157 /* Assets.xcassets in Resources */ = {isa = PBXBuildFile; fileRef = 962EAF522242E43800FCE157 /* Assets.xcassets */; };
		962EAF562242E43800FCE157 /* LaunchScreen.storyboard in Resources */ = {isa = PBXBuildFile; fileRef = 962EAF542242E43800FCE157 /* LaunchScreen.storyboard */; };
		962EAF642242E47900FCE157 /* MessageFilterExtension.swift in Sources */ = {isa = PBXBuildFile; fileRef = 962EAF632242E47900FCE157 /* MessageFilterExtension.swift */; };
		962EAF682242E47900FCE157 /* SMSFilter.appex in Embed App Extensions */ = {isa = PBXBuildFile; fileRef = 962EAF612242E47900FCE157 /* SMSFilter.appex */; settings = {ATTRIBUTES = (RemoveHeadersOnCopy, ); }; };
		962EAF70224974A300FCE157 /* SpamClassifier.mlmodel in Sources */ = {isa = PBXBuildFile; fileRef = 962EAF6F224974A300FCE157 /* SpamClassifier.mlmodel */; };
/* End PBXBuildFile section */

/* Begin PBXContainerItemProxy section */
		962EAF662242E47900FCE157 /* PBXContainerItemProxy */ = {
			isa = PBXContainerItemProxy;
			containerPortal = 962EAF402242E43500FCE157 /* Project object */;
			proxyType = 1;
			remoteGlobalIDString = 962EAF602242E47900FCE157;
			remoteInfo = SMSFilter;
		};
/* End PBXContainerItemProxy section */

/* Begin PBXCopyFilesBuildPhase section */
		962EAF6C2242E47900FCE157 /* Embed App Extensions */ = {
			isa = PBXCopyFilesBuildPhase;
			buildActionMask = 2147483647;
			dstPath = "";
			dstSubfolderSpec = 13;
			files = (
				962EAF682242E47900FCE157 /* SMSFilter.appex in Embed App Extensions */,
			);
			name = "Embed App Extensions";
			runOnlyForDeploymentPostprocessing = 0;
		};
/* End PBXCopyFilesBuildPhase section */

/* Begin PBXFileReference section */
		962EAF482242E43500FCE157 /* SMSSpamBlocker.app */ = {isa = PBXFileReference; explicitFileType = wrapper.application; includeInIndex = 0; path = SMSSpamBlocker.app; sourceTree = BUILT_PRODUCTS_DIR; };
		962EAF4B2242E43500FCE157 /* AppDelegate.swift */ = {isa = PBXFileReference; lastKnownFileType = sourcecode.swift; path = AppDelegate.swift; sourceTree = "<group>"; };
		962EAF4D2242E43500FCE157 /* ViewController.swift */ = {isa = PBXFileReference; lastKnownFileType = sourcecode.swift; path = ViewController.swift; sourceTree = "<group>"; };
		962EAF502242E43500FCE157 /* Base */ = {isa = PBXFileReference; lastKnownFileType = file.storyboard; name = Base; path = Base.lproj/Main.storyboard; sourceTree = "<group>"; };
		962EAF522242E43800FCE157 /* Assets.xcassets */ = {isa = PBXFileReference; lastKnownFileType = folder.assetcatalog; path = Assets.xcassets; sourceTree = "<group>"; };
		962EAF552242E43800FCE157 /* Base */ = {isa = PBXFileReference; lastKnownFileType = file.storyboard; name = Base; path = Base.lproj/LaunchScreen.storyboard; sourceTree = "<group>"; };
		962EAF572242E43800FCE157 /* Info.plist */ = {isa = PBXFileReference; lastKnownFileType = text.plist.xml; path = Info.plist; sourceTree = "<group>"; };
		962EAF612242E47900FCE157 /* SMSFilter.appex */ = {isa = PBXFileReference; explicitFileType = "wrapper.app-extension"; includeInIndex = 0; path = SMSFilter.appex; sourceTree = BUILT_PRODUCTS_DIR; };
		962EAF632242E47900FCE157 /* MessageFilterExtension.swift */ = {isa = PBXFileReference; lastKnownFileType = sourcecode.swift; path = MessageFilterExtension.swift; sourceTree = "<group>"; };
		962EAF652242E47900FCE157 /* Info.plist */ = {isa = PBXFileReference; lastKnownFileType = text.plist.xml; path = Info.plist; sourceTree = "<group>"; };
		962EAF6F224974A300FCE157 /* SpamClassifier.mlmodel */ = {isa = PBXFileReference; lastKnownFileType = file.mlmodel; path = SpamClassifier.mlmodel; sourceTree = "<group>"; };
/* End PBXFileReference section */

/* Begin PBXFrameworksBuildPhase section */
		962EAF452242E43500FCE157 /* Frameworks */ = {
			isa = PBXFrameworksBuildPhase;
			buildActionMask = 2147483647;
			files = (
			);
			runOnlyForDeploymentPostprocessing = 0;
		};
		962EAF5E2242E47900FCE157 /* Frameworks */ = {
			isa = PBXFrameworksBuildPhase;
			buildActionMask = 2147483647;
			files = (
			);
			runOnlyForDeploymentPostprocessing = 0;
		};
/* End PBXFrameworksBuildPhase section */

/* Begin PBXGroup section */
		962EAF3F2242E43500FCE157 = {
			isa = PBXGroup;
			children = (
				962EAF4A2242E43500FCE157 /* SMSSpamBlocker */,
				962EAF622242E47900FCE157 /* SMSFilter */,
				962EAF492242E43500FCE157 /* Products */,
			);
			sourceTree = "<group>";
		};
		962EAF492242E43500FCE157 /* Products */ = {
			isa = PBXGroup;
			children = (
				962EAF482242E43500FCE157 /* SMSSpamBlocker.app */,
				962EAF612242E47900FCE157 /* SMSFilter.appex */,
			);
			name = Products;
			sourceTree = "<group>";
		};
		962EAF4A2242E43500FCE157 /* SMSSpamBlocker */ = {
			isa = PBXGroup;
			children = (
				962EAF4B2242E43500FCE157 /* AppDelegate.swift */,
				962EAF4D2242E43500FCE157 /* ViewController.swift */,
				962EAF4F2242E43500FCE157 /* Main.storyboard */,
				962EAF522242E43800FCE157 /* Assets.xcassets */,
				962EAF542242E43800FCE157 /* LaunchScreen.storyboard */,
				962EAF572242E43800FCE157 /* Info.plist */,
			);
			path = SMSSpamBlocker;
			sourceTree = "<group>";
		};
		962EAF622242E47900FCE157 /* SMSFilter */ = {
			isa = PBXGroup;
			children = (
				962EAF632242E47900FCE157 /* MessageFilterExtension.swift */,
				962EAF6F224974A300FCE157 /* SpamClassifier.mlmodel */,
				962EAF652242E47900FCE157 /* Info.plist */,
			);
			path = SMSFilter;
			sourceTree = "<group>";
		};
/* End PBXGroup section */

/* Begin PBXNativeTarget section */
		962EAF472242E43500FCE157 /* SMSSpamBlocker */ = {
			isa = PBXNativeTarget;
			buildConfigurationList = 962EAF5A2242E43800FCE157 /* Build configuration list for PBXNativeTarget "SMSSpamBlocker" */;
			buildPhases = (
				962EAF442242E43500FCE157 /* Sources */,
				962EAF452242E43500FCE157 /* Frameworks */,
				962EAF462242E43500FCE157 /* Resources */,
				962EAF6C2242E47900FCE157 /* Embed App Extensions */,
			);
			buildRules = (
			);
			dependencies = (
				962EAF672242E47900FCE157 /* PBXTargetDependency */,
			);
			name = SMSSpamBlocker;
			productName = SMSSpamBlocker;
			productReference = 962EAF482242E43500FCE157 /* SMSSpamBlocker.app */;
			productType = "com.apple.product-type.application";
		};
		962EAF602242E47900FCE157 /* SMSFilter */ = {
			isa = PBXNativeTarget;
			buildConfigurationList = 962EAF692242E47900FCE157 /* Build configuration list for PBXNativeTarget "SMSFilter" */;
			buildPhases = (
				962EAF5D2242E47900FCE157 /* Sources */,
				962EAF5E2242E47900FCE157 /* Frameworks */,
				962EAF5F2242E47900FCE157 /* Resources */,
			);
			buildRules = (
			);
			dependencies = (
			);
			name = SMSFilter;
			productName = SMSFilter;
			productReference = 962EAF612242E47900FCE157 /* SMSFilter.appex */;
			productType = "com.apple.product-type.app-extension";
		};
/* End PBXNativeTarget section */

/* Begin PBXProject section */
		962EAF402242E43500FCE157 /* Project object */ = {
			isa = PBXProject;
			attributes = {
				LastSwiftUpdateCheck = 1010;
				LastUpgradeCheck = 1010;
				ORGANIZATIONNAME = "TelTech Systems Inc";
				TargetAttributes = {
					962EAF472242E43500FCE157 = {
						CreatedOnToolsVersion = 10.1;
					};
					962EAF602242E47900FCE157 = {
						CreatedOnToolsVersion = 10.1;
					};
				};
			};
			buildConfigurationList = 962EAF432242E43500FCE157 /* Build configuration list for PBXProject "SMSSpamBlocker" */;
			compatibilityVersion = "Xcode 9.3";
			developmentRegion = en;
			hasScannedForEncodings = 0;
			knownRegions = (
				en,
				Base,
			);
			mainGroup = 962EAF3F2242E43500FCE157;
			productRefGroup = 962EAF492242E43500FCE157 /* Products */;
			projectDirPath = "";
			projectRoot = "";
			targets = (
				962EAF472242E43500FCE157 /* SMSSpamBlocker */,
				962EAF602242E47900FCE157 /* SMSFilter */,
			);
		};
/* End PBXProject section */

/* Begin PBXResourcesBuildPhase section */
		962EAF462242E43500FCE157 /* Resources */ = {
			isa = PBXResourcesBuildPhase;
			buildActionMask = 2147483647;
			files = (
				962EAF562242E43800FCE157 /* LaunchScreen.storyboard in Resources */,
				962EAF532242E43800FCE157 /* Assets.xcassets in Resources */,
				962EAF512242E43500FCE157 /* Main.storyboard in Resources */,
			);
			runOnlyForDeploymentPostprocessing = 0;
		};
		962EAF5F2242E47900FCE157 /* Resources */ = {
			isa = PBXResourcesBuildPhase;
			buildActionMask = 2147483647;
			files = (
			);
			runOnlyForDeploymentPostprocessing = 0;
		};
/* End PBXResourcesBuildPhase section */

/* Begin PBXSourcesBuildPhase section */
		962EAF442242E43500FCE157 /* Sources */ = {
			isa = PBXSourcesBuildPhase;
			buildActionMask = 2147483647;
			files = (
				962EAF4E2242E43500FCE157 /* ViewController.swift in Sources */,
				962EAF4C2242E43500FCE157 /* AppDelegate.swift in Sources */,
			);
			runOnlyForDeploymentPostprocessing = 0;
		};
		962EAF5D2242E47900FCE157 /* Sources */ = {
			isa = PBXSourcesBuildPhase;
			buildActionMask = 2147483647;
			files = (
				962EAF70224974A300FCE157 /* SpamClassifier.mlmodel in Sources */,
				962EAF642242E47900FCE157 /* MessageFilterExtension.swift in Sources */,
			);
			runOnlyForDeploymentPostprocessing = 0;
		};
/* End PBXSourcesBuildPhase section */

/* Begin PBXTargetDependency section */
		962EAF672242E47900FCE157 /* PBXTargetDependency */ = {
			isa = PBXTargetDependency;
			target = 962EAF602242E47900FCE157 /* SMSFilter */;
			targetProxy = 962EAF662242E47900FCE157 /* PBXContainerItemProxy */;
		};
/* End PBXTargetDependency section */

/* Begin PBXVariantGroup section */
		962EAF4F2242E43500FCE157 /* Main.storyboard */ = {
			isa = PBXVariantGroup;
			children = (
				962EAF502242E43500FCE157 /* Base */,
			);
			name = Main.storyboard;
			sourceTree = "<group>";
		};
		962EAF542242E43800FCE157 /* LaunchScreen.storyboard */ = {
			isa = PBXVariantGroup;
			children = (
				962EAF552242E43800FCE157 /* Base */,
			);
			name = LaunchScreen.storyboard;
			sourceTree = "<group>";
		};
/* End PBXVariantGroup section */

/* Begin XCBuildConfiguration section */
		962EAF582242E43800FCE157 /* Debug */ = {
			isa = XCBuildConfiguration;
			buildSettings = {
				ALWAYS_SEARCH_USER_PATHS = NO;
				CLANG_ANALYZER_NONNULL = YES;
				CLANG_ANALYZER_NUMBER_OBJECT_CONVERSION = YES_AGGRESSIVE;
				CLANG_CXX_LANGUAGE_STANDARD = "gnu++14";
				CLANG_CXX_LIBRARY = "libc++";
				CLANG_ENABLE_MODULES = YES;
				CLANG_ENABLE_OBJC_ARC = YES;
				CLANG_ENABLE_OBJC_WEAK = YES;
				CLANG_WARN_BLOCK_CAPTURE_AUTORELEASING = YES;
				CLANG_WARN_BOOL_CONVERSION = YES;
				CLANG_WARN_COMMA = YES;
				CLANG_WARN_CONSTANT_CONVERSION = YES;
				CLANG_WARN_DEPRECATED_OBJC_IMPLEMENTATIONS = YES;
				CLANG_WARN_DIRECT_OBJC_ISA_USAGE = YES_ERROR;
				CLANG_WARN_DOCUMENTATION_COMMENTS = YES;
				CLANG_WARN_EMPTY_BODY = YES;
				CLANG_WARN_ENUM_CONVERSION = YES;
				CLANG_WARN_INFINITE_RECURSION = YES;
				CLANG_WARN_INT_CONVERSION = YES;
				CLANG_WARN_NON_LITERAL_NULL_CONVERSION = YES;
				CLANG_WARN_OBJC_IMPLICIT_RETAIN_SELF = YES;
				CLANG_WARN_OBJC_LITERAL_CONVERSION = YES;
				CLANG_WARN_OBJC_ROOT_CLASS = YES_ERROR;
				CLANG_WARN_RANGE_LOOP_ANALYSIS = YES;
				CLANG_WARN_STRICT_PROTOTYPES = YES;
				CLANG_WARN_SUSPICIOUS_MOVE = YES;
				CLANG_WARN_UNGUARDED_AVAILABILITY = YES_AGGRESSIVE;
				CLANG_WARN_UNREACHABLE_CODE = YES;
				CLANG_WARN__DUPLICATE_METHOD_MATCH = YES;
				CODE_SIGN_IDENTITY = "iPhone Developer";
				COPY_PHASE_STRIP = NO;
				DEBUG_INFORMATION_FORMAT = dwarf;
				ENABLE_STRICT_OBJC_MSGSEND = YES;
				ENABLE_TESTABILITY = YES;
				GCC_C_LANGUAGE_STANDARD = gnu11;
				GCC_DYNAMIC_NO_PIC = NO;
				GCC_NO_COMMON_BLOCKS = YES;
				GCC_OPTIMIZATION_LEVEL = 0;
				GCC_PREPROCESSOR_DEFINITIONS = (
					"DEBUG=1",
					"$(inherited)",
				);
				GCC_WARN_64_TO_32_BIT_CONVERSION = YES;
				GCC_WARN_ABOUT_RETURN_TYPE = YES_ERROR;
				GCC_WARN_UNDECLARED_SELECTOR = YES;
				GCC_WARN_UNINITIALIZED_AUTOS = YES_AGGRESSIVE;
				GCC_WARN_UNUSED_FUNCTION = YES;
				GCC_WARN_UNUSED_VARIABLE = YES;
				IPHONEOS_DEPLOYMENT_TARGET = 12.1;
				MTL_ENABLE_DEBUG_INFO = INCLUDE_SOURCE;
				MTL_FAST_MATH = YES;
				ONLY_ACTIVE_ARCH = YES;
				SDKROOT = iphoneos;
				SWIFT_ACTIVE_COMPILATION_CONDITIONS = DEBUG;
				SWIFT_OPTIMIZATION_LEVEL = "-Onone";
			};
			name = Debug;
		};
		962EAF592242E43800FCE157 /* Release */ = {
			isa = XCBuildConfiguration;
			buildSettings = {
				ALWAYS_SEARCH_USER_PATHS = NO;
				CLANG_ANALYZER_NONNULL = YES;
				CLANG_ANALYZER_NUMBER_OBJECT_CONVERSION = YES_AGGRESSIVE;
				CLANG_CXX_LANGUAGE_STANDARD = "gnu++14";
				CLANG_CXX_LIBRARY = "libc++";
				CLANG_ENABLE_MODULES = YES;
				CLANG_ENABLE_OBJC_ARC = YES;
				CLANG_ENABLE_OBJC_WEAK = YES;
				CLANG_WARN_BLOCK_CAPTURE_AUTORELEASING = YES;
				CLANG_WARN_BOOL_CONVERSION = YES;
				CLANG_WARN_COMMA = YES;
				CLANG_WARN_CONSTANT_CONVERSION = YES;
				CLANG_WARN_DEPRECATED_OBJC_IMPLEMENTATIONS = YES;
				CLANG_WARN_DIRECT_OBJC_ISA_USAGE = YES_ERROR;
				CLANG_WARN_DOCUMENTATION_COMMENTS = YES;
				CLANG_WARN_EMPTY_BODY = YES;
				CLANG_WARN_ENUM_CONVERSION = YES;
				CLANG_WARN_INFINITE_RECURSION = YES;
				CLANG_WARN_INT_CONVERSION = YES;
				CLANG_WARN_NON_LITERAL_NULL_CONVERSION = YES;
				CLANG_WARN_OBJC_IMPLICIT_RETAIN_SELF = YES;
				CLANG_WARN_OBJC_LITERAL_CONVERSION = YES;
				CLANG_WARN_OBJC_ROOT_CLASS = YES_ERROR;
				CLANG_WARN_RANGE_LOOP_ANALYSIS = YES;
				CLANG_WARN_STRICT_PROTOTYPES = YES;
				CLANG_WARN_SUSPICIOUS_MOVE = YES;
				CLANG_WARN_UNGUARDED_AVAILABILITY = YES_AGGRESSIVE;
				CLANG_WARN_UNREACHABLE_CODE = YES;
				CLANG_WARN__DUPLICATE_METHOD_MATCH = YES;
				CODE_SIGN_IDENTITY = "iPhone Developer";
				COPY_PHASE_STRIP = NO;
				DEBUG_INFORMATION_FORMAT = "dwarf-with-dsym";
				ENABLE_NS_ASSERTIONS = NO;
				ENABLE_STRICT_OBJC_MSGSEND = YES;
				GCC_C_LANGUAGE_STANDARD = gnu11;
				GCC_NO_COMMON_BLOCKS = YES;
				GCC_WARN_64_TO_32_BIT_CONVERSION = YES;
				GCC_WARN_ABOUT_RETURN_TYPE = YES_ERROR;
				GCC_WARN_UNDECLARED_SELECTOR = YES;
				GCC_WARN_UNINITIALIZED_AUTOS = YES_AGGRESSIVE;
				GCC_WARN_UNUSED_FUNCTION = YES;
				GCC_WARN_UNUSED_VARIABLE = YES;
				IPHONEOS_DEPLOYMENT_TARGET = 12.1;
				MTL_ENABLE_DEBUG_INFO = NO;
				MTL_FAST_MATH = YES;
				SDKROOT = iphoneos;
				SWIFT_COMPILATION_MODE = wholemodule;
				SWIFT_OPTIMIZATION_LEVEL = "-O";
				VALIDATE_PRODUCT = YES;
			};
			name = Release;
		};
		962EAF5B2242E43800FCE157 /* Debug */ = {
			isa = XCBuildConfiguration;
			buildSettings = {
				ALWAYS_EMBED_SWIFT_STANDARD_LIBRARIES = YES;
				ASSETCATALOG_COMPILER_APPICON_NAME = AppIcon;
				CODE_SIGN_STYLE = Automatic;
				DEVELOPMENT_TEAM = 78A26S7C7Z;
				INFOPLIST_FILE = SMSSpamBlocker/Info.plist;
				LD_RUNPATH_SEARCH_PATHS = (
					"$(inherited)",
					"@executable_path/Frameworks",
				);
				PRODUCT_BUNDLE_IDENTIFIER = co.teltech.SMSSpamBlocker;
				PRODUCT_NAME = "$(TARGET_NAME)";
				SWIFT_VERSION = 4.2;
				TARGETED_DEVICE_FAMILY = "1,2";
			};
			name = Debug;
		};
		962EAF5C2242E43800FCE157 /* Release */ = {
			isa = XCBuildConfiguration;
			buildSettings = {
				ALWAYS_EMBED_SWIFT_STANDARD_LIBRARIES = YES;
				ASSETCATALOG_COMPILER_APPICON_NAME = AppIcon;
				CODE_SIGN_STYLE = Automatic;
				DEVELOPMENT_TEAM = 78A26S7C7Z;
				INFOPLIST_FILE = SMSSpamBlocker/Info.plist;
				LD_RUNPATH_SEARCH_PATHS = (
					"$(inherited)",
					"@executable_path/Frameworks",
				);
				PRODUCT_BUNDLE_IDENTIFIER = co.teltech.SMSSpamBlocker;
				PRODUCT_NAME = "$(TARGET_NAME)";
				SWIFT_VERSION = 4.2;
				TARGETED_DEVICE_FAMILY = "1,2";
			};
			name = Release;
		};
		962EAF6A2242E47900FCE157 /* Debug */ = {
			isa = XCBuildConfiguration;
			buildSettings = {
				CODE_SIGN_STYLE = Automatic;
				DEVELOPMENT_TEAM = 78A26S7C7Z;
				INFOPLIST_FILE = SMSFilter/Info.plist;
				LD_RUNPATH_SEARCH_PATHS = (
					"$(inherited)",
					"@executable_path/Frameworks",
					"@executable_path/../../Frameworks",
				);
				PRODUCT_BUNDLE_IDENTIFIER = co.teltech.SMSSpamBlocker.SMSFilter;
				PRODUCT_NAME = "$(TARGET_NAME)";
				SKIP_INSTALL = YES;
				SWIFT_VERSION = 4.2;
				TARGETED_DEVICE_FAMILY = "1,2";
			};
			name = Debug;
		};
		962EAF6B2242E47900FCE157 /* Release */ = {
			isa = XCBuildConfiguration;
			buildSettings = {
				CODE_SIGN_STYLE = Automatic;
				DEVELOPMENT_TEAM = 78A26S7C7Z;
				INFOPLIST_FILE = SMSFilter/Info.plist;
				LD_RUNPATH_SEARCH_PATHS = (
					"$(inherited)",
					"@executable_path/Frameworks",
					"@executable_path/../../Frameworks",
				);
				PRODUCT_BUNDLE_IDENTIFIER = co.teltech.SMSSpamBlocker.SMSFilter;
				PRODUCT_NAME = "$(TARGET_NAME)";
				SKIP_INSTALL = YES;
				SWIFT_VERSION = 4.2;
				TARGETED_DEVICE_FAMILY = "1,2";
			};
			name = Release;
		};
/* End XCBuildConfiguration section */

/* Begin XCConfigurationList section */
		962EAF432242E43500FCE157 /* Build configuration list for PBXProject "SMSSpamBlocker" */ = {
			isa = XCConfigurationList;
			buildConfigurations = (
				962EAF582242E43800FCE157 /* Debug */,
				962EAF592242E43800FCE157 /* Release */,
			);
			defaultConfigurationIsVisible = 0;
			defaultConfigurationName = Release;
		};
		962EAF5A2242E43800FCE157 /* Build configuration list for PBXNativeTarget "SMSSpamBlocker" */ = {
			isa = XCConfigurationList;
			buildConfigurations = (
				962EAF5B2242E43800FCE157 /* Debug */,
				962EAF5C2242E43800FCE157 /* Release */,
			);
			defaultConfigurationIsVisible = 0;
			defaultConfigurationName = Release;
		};
		962EAF692242E47900FCE157 /* Build configuration list for PBXNativeTarget "SMSFilter" */ = {
			isa = XCConfigurationList;
			buildConfigurations = (
				962EAF6A2242E47900FCE157 /* Debug */,
				962EAF6B2242E47900FCE157 /* Release */,
			);
			defaultConfigurationIsVisible = 0;
			defaultConfigurationName = Release;
		};
/* End XCConfigurationList section */
	};
	rootObject = 962EAF402242E43500FCE157 /* Project object */;
}
